{
  "version": "5",
  "specifiers": {
    "jsr:@std/encoding@*": "1.0.10"
  },
  "jsr": {
    "@std/encoding@1.0.10": {
      "integrity": "8783c6384a2d13abd5e9e87a7ae0520a30e9f56aeeaa3bdf910a3eaaf5c811a1"
    }
  },
  "workspace": {
    "packageJson": {
      "dependencies": [
        "npm:@nuxt/devtools@^1.7.0",
        "npm:@nuxt/eslint@~0.7.6",
        "npm:@nuxt/test-utils@^3.18.0",
        "npm:@nuxt/ui-pro@^1.8.0",
        "npm:@nuxt/ui@^2.22.0",
        "npm:@nuxtjs/google-fonts@^3.2.0",
        "npm:@nuxtjs/i18n@^9.5.4",
        "npm:@nuxtjs/supabase@^1.5.0",
        "npm:@nuxtjs/turnstile@~0.9.16",
        "npm:@pinia/nuxt@0.8",
        "npm:@playwright/test@^1.52.0",
        "npm:@sentry/nuxt@^9.17.0",
        "npm:@snaplet/copycat@^5.1.1",
        "npm:@snaplet/seed@~0.97.20",
        "npm:@sparticuz/chromium-min@133",
        "npm:@stripe/connect-js@^3.3.23",
        "npm:@stripe/stripe-js@^4.10.0",
        "npm:@supabase/supabase-js@^2.49.4",
        "npm:@types/bcrypt@^5.0.2",
        "npm:@types/detect-port@^1.3.5",
        "npm:@types/node@^20.17.46",
        "npm:@vue/test-utils@^2.4.6",
        "npm:@vueuse/core@^10.11.1",
        "npm:bcrypt@^5.1.1",
        "npm:date-fns@^3.6.0",
        "npm:detect-port@^1.6.1",
        "npm:handlebars@^4.7.8",
        "npm:happy-dom@^13.10.1",
        "npm:import-in-the-middle@^1.13.1",
        "npm:nuxt@^3.17.2",
        "npm:postgres@^3.4.5",
        "npm:puppeteer-core@^24.10.0",
        "npm:puppeteer@^24.8.2",
        "npm:rrule@^2.8.1",
        "npm:stripe@^16.12.0",
        "npm:tus-js-client@^4.3.1",
        "npm:type-fest@^4.41.0",
        "npm:v-calendar@^3.1.2",
        "npm:vitest@^1.6.1",
        "npm:vue-router@^4.5.1",
        "npm:vue@^3.5.13",
        "npm:zod@^3.24.4"
      ]
    }
  }
}
